
Microsoft Visual Studio Solution File, Format Version 12.00
# Visual Studio Version 16
VisualStudioVersion = 16.0.31105.61
MinimumVisualStudioVersion = 10.0.40219.1
Project("{FAE04EC0-301F-11D3-BF4B-00C04F79EFBC}") = "oneStore", "oneStore\oneStore.csproj", "{149A46BC-4E06-4205-81B4-FF78E876D130}"
EndProject
Global
	GlobalSection(SolutionConfigurationPlatforms) = preSolution
		Debug|Any CPU = Debug|Any CPU
		Release|Any CPU = Release|Any CPU
	EndGlobalSection
	GlobalSection(ProjectConfigurationPlatforms) = postSolution
		{149A46BC-4E06-4205-81B4-FF78E876D130}.Debug|Any CPU.ActiveCfg = Debug|Any CPU
		{149A46BC-4E06-4205-81B4-FF78E876D130}.Debug|Any CPU.Build.0 = Debug|Any CPU
		{149A46BC-4E06-4205-81B4-FF78E876D130}.Release|Any CPU.ActiveCfg = Release|Any CPU
		{149A46BC-4E06-4205-81B4-FF78E876D130}.Release|Any CPU.Build.0 = Release|Any CPU
	EndGlobalSection
	GlobalSection(SolutionProperties) = preSolution
		HideSolutionNode = FALSE
	EndGlobalSection
	GlobalSection(ExtensibilityGlobals) = postSolution
		SolutionGuid = {08FB71DE-B6C7-4895-9379-8BF41BDBEE18}
	EndGlobalSection
EndGlobal
